
Microsoft Visual Studio Solution File, Format Version 12.00
# Visual Studio Version 16
VisualStudioVersion = 16.0.30621.155
MinimumVisualStudioVersion = 10.0.40219.1
Project("{FAE04EC0-301F-11D3-BF4B-00C04F79EFBC}") = "Cinemark", "Cinemark\Cinemark.csproj", "{B6B212D6-0B2A-49D7-96D2-67B6096CE6E7}"
EndProject
Global
	GlobalSection(SolutionConfigurationPlatforms) = preSolution
		Debug|Any CPU = Debug|Any CPU
		Release|Any CPU = Release|Any CPU
	EndGlobalSection
	GlobalSection(ProjectConfigurationPlatforms) = postSolution
		{B6B212D6-0B2A-49D7-96D2-67B6096CE6E7}.Debug|Any CPU.ActiveCfg = Debug|Any CPU
		{B6B212D6-0B2A-49D7-96D2-67B6096CE6E7}.Debug|Any CPU.Build.0 = Debug|Any CPU
		{B6B212D6-0B2A-49D7-96D2-67B6096CE6E7}.Release|Any CPU.ActiveCfg = Release|Any CPU
		{B6B212D6-0B2A-49D7-96D2-67B6096CE6E7}.Release|Any CPU.Build.0 = Release|Any CPU
	EndGlobalSection
	GlobalSection(SolutionProperties) = preSolution
		HideSolutionNode = FALSE
	EndGlobalSection
	GlobalSection(ExtensibilityGlobals) = postSolution
		SolutionGuid = {ADE0E122-2779-4F64-AFED-A47D0BA98685}
	EndGlobalSection
EndGlobal
